
Microsoft Visual Studio Solution File, Format Version 12.00
# Visual Studio Version 17
VisualStudioVersion = 17.2.32630.192
MinimumVisualStudioVersion = 10.0.40219.1
Project("{FAE04EC0-301F-11D3-BF4B-00C04F79EFBC}") = "TokenAuthAPI", "TokenAuthAPI\TokenAuthAPI.csproj", "{ED8FDFC7-D69E-44CC-88E4-78E71E21136E}"
EndProject
Project("{FAE04EC0-301F-11D3-BF4B-00C04F79EFBC}") = "OcelotGatewayAPI", "OcelotGatewayAPI\OcelotGatewayAPI.csproj", "{744302DC-7470-44B2-BB66-2FE1F68907EE}"
EndProject
Project("{FAE04EC0-301F-11D3-BF4B-00C04F79EFBC}") = "AuthorAPI", "AuthorAPI\AuthorAPI.csproj", "{B3037F32-574A-4FEE-9A10-599AAAD7CBFD}"
EndProject
Project("{FAE04EC0-301F-11D3-BF4B-00C04F79EFBC}") = "ReaderAPI", "ReaderAPI\ReaderAPI.csproj", "{5BF012A7-6C8A-4607-8D03-05FF3420C577}"
EndProject
Global
	GlobalSection(SolutionConfigurationPlatforms) = preSolution
		Debug|Any CPU = Debug|Any CPU
		Release|Any CPU = Release|Any CPU
	EndGlobalSection
	GlobalSection(ProjectConfigurationPlatforms) = postSolution
		{ED8FDFC7-D69E-44CC-88E4-78E71E21136E}.Debug|Any CPU.ActiveCfg = Debug|Any CPU
		{ED8FDFC7-D69E-44CC-88E4-78E71E21136E}.Debug|Any CPU.Build.0 = Debug|Any CPU
		{ED8FDFC7-D69E-44CC-88E4-78E71E21136E}.Release|Any CPU.ActiveCfg = Release|Any CPU
		{ED8FDFC7-D69E-44CC-88E4-78E71E21136E}.Release|Any CPU.Build.0 = Release|Any CPU
		{744302DC-7470-44B2-BB66-2FE1F68907EE}.Debug|Any CPU.ActiveCfg = Debug|Any CPU
		{744302DC-7470-44B2-BB66-2FE1F68907EE}.Debug|Any CPU.Build.0 = Debug|Any CPU
		{744302DC-7470-44B2-BB66-2FE1F68907EE}.Release|Any CPU.ActiveCfg = Release|Any CPU
		{744302DC-7470-44B2-BB66-2FE1F68907EE}.Release|Any CPU.Build.0 = Release|Any CPU
		{B3037F32-574A-4FEE-9A10-599AAAD7CBFD}.Debug|Any CPU.ActiveCfg = Debug|Any CPU
		{B3037F32-574A-4FEE-9A10-599AAAD7CBFD}.Debug|Any CPU.Build.0 = Debug|Any CPU
		{B3037F32-574A-4FEE-9A10-599AAAD7CBFD}.Release|Any CPU.ActiveCfg = Release|Any CPU
		{B3037F32-574A-4FEE-9A10-599AAAD7CBFD}.Release|Any CPU.Build.0 = Release|Any CPU
		{5BF012A7-6C8A-4607-8D03-05FF3420C577}.Debug|Any CPU.ActiveCfg = Debug|Any CPU
		{5BF012A7-6C8A-4607-8D03-05FF3420C577}.Debug|Any CPU.Build.0 = Debug|Any CPU
		{5BF012A7-6C8A-4607-8D03-05FF3420C577}.Release|Any CPU.ActiveCfg = Release|Any CPU
		{5BF012A7-6C8A-4607-8D03-05FF3420C577}.Release|Any CPU.Build.0 = Release|Any CPU
	EndGlobalSection
	GlobalSection(SolutionProperties) = preSolution
		HideSolutionNode = FALSE
	EndGlobalSection
	GlobalSection(ExtensibilityGlobals) = postSolution
		SolutionGuid = {21FE298B-EFCA-418C-AF66-59B79A3B8B55}
	EndGlobalSection
EndGlobal
